
Microsoft Visual Studio Solution File, Format Version 12.00
# Visual Studio Version 17
VisualStudioVersion = 17.8.34330.188
MinimumVisualStudioVersion = 10.0.40219.1
Project("{9A19103F-16F7-4668-BE54-9A1E7A4F7556}") = "CityProject.WebAPI", "CityProject.WebAPI.csproj", "{1937F512-7C33-4830-BCF3-659225892DCC}"
EndProject
Project("{9A19103F-16F7-4668-BE54-9A1E7A4F7556}") = "CityProject.DAL", "..\CityProject.DAL\CityProject.DAL.csproj", "{4BFE7BA7-30EE-4DE0-BB53-E30E96283C6C}"
EndProject
Project("{9A19103F-16F7-4668-BE54-9A1E7A4F7556}") = "CityProject.Models", "..\CityProject.Models\CityProject.Models.csproj", "{642B2173-8A0F-4BB0-B2D0-93F44FD172D9}"
EndProject
Project("{9A19103F-16F7-4668-BE54-9A1E7A4F7556}") = "CityProject.Repository.Common", "..\CityProject.Repository.Common\CityProject.Repository.Common.csproj", "{E3575DB8-8843-4F78-8489-7C2F0FE4F5A6}"
EndProject
Project("{9A19103F-16F7-4668-BE54-9A1E7A4F7556}") = "CityProject.Dtos", "..\CityProject.Dtos\CityProject.Dtos.csproj", "{1A75BC85-BF77-4C2D-8DAB-4259587D6CF3}"
EndProject
Project("{9A19103F-16F7-4668-BE54-9A1E7A4F7556}") = "CityProject.Repository", "..\CityProject.Repository\CityProject.Repository.csproj", "{0AC44841-FFF3-45B5-A698-97E0E44737A0}"
EndProject
Project("{9A19103F-16F7-4668-BE54-9A1E7A4F7556}") = "CityProject.Common", "..\CityProject.Common\CityProject.Common.csproj", "{CF964BB4-6AB3-486B-B8BE-90FCAC2DBEBB}"
EndProject
Project("{9A19103F-16F7-4668-BE54-9A1E7A4F7556}") = "CityProject.Models.Common", "..\CityProject.Models.Common\CityProject.Models.Common.csproj", "{4AFAB116-2937-409F-8117-417C426F398D}"
EndProject
Project("{9A19103F-16F7-4668-BE54-9A1E7A4F7556}") = "CityProject.Service", "..\CityProject.Service\CityProject.Service.csproj", "{31C81D76-BFA0-43E3-A918-6B54E793E1FC}"
EndProject
Project("{9A19103F-16F7-4668-BE54-9A1E7A4F7556}") = "CityProject.Service.Common", "..\CityProject.Service.Common\CityProject.Service.Common.csproj", "{33C21F2A-7478-49C5-A357-0FE02CBBE387}"
EndProject
Project("{FAE04EC0-301F-11D3-BF4B-00C04F79EFBC}") = "CityProject.Service.Tests", "..\CityProject.Service.Tests\CityProject.Service.Tests.csproj", "{B7ECA8A9-D5E8-407C-8197-A83629D0A077}"
EndProject
Global
	GlobalSection(SolutionConfigurationPlatforms) = preSolution
		Debug|Any CPU = Debug|Any CPU
		Release|Any CPU = Release|Any CPU
	EndGlobalSection
	GlobalSection(ProjectConfigurationPlatforms) = postSolution
		{1937F512-7C33-4830-BCF3-659225892DCC}.Debug|Any CPU.ActiveCfg = Debug|Any CPU
		{1937F512-7C33-4830-BCF3-659225892DCC}.Debug|Any CPU.Build.0 = Debug|Any CPU
		{1937F512-7C33-4830-BCF3-659225892DCC}.Release|Any CPU.ActiveCfg = Release|Any CPU
		{1937F512-7C33-4830-BCF3-659225892DCC}.Release|Any CPU.Build.0 = Release|Any CPU
		{4BFE7BA7-30EE-4DE0-BB53-E30E96283C6C}.Debug|Any CPU.ActiveCfg = Debug|Any CPU
		{4BFE7BA7-30EE-4DE0-BB53-E30E96283C6C}.Debug|Any CPU.Build.0 = Debug|Any CPU
		{4BFE7BA7-30EE-4DE0-BB53-E30E96283C6C}.Release|Any CPU.ActiveCfg = Release|Any CPU
		{4BFE7BA7-30EE-4DE0-BB53-E30E96283C6C}.Release|Any CPU.Build.0 = Release|Any CPU
		{642B2173-8A0F-4BB0-B2D0-93F44FD172D9}.Debug|Any CPU.ActiveCfg = Debug|Any CPU
		{642B2173-8A0F-4BB0-B2D0-93F44FD172D9}.Debug|Any CPU.Build.0 = Debug|Any CPU
		{642B2173-8A0F-4BB0-B2D0-93F44FD172D9}.Release|Any CPU.ActiveCfg = Release|Any CPU
		{642B2173-8A0F-4BB0-B2D0-93F44FD172D9}.Release|Any CPU.Build.0 = Release|Any CPU
		{E3575DB8-8843-4F78-8489-7C2F0FE4F5A6}.Debug|Any CPU.ActiveCfg = Debug|Any CPU
		{E3575DB8-8843-4F78-8489-7C2F0FE4F5A6}.Debug|Any CPU.Build.0 = Debug|Any CPU
		{E3575DB8-8843-4F78-8489-7C2F0FE4F5A6}.Release|Any CPU.ActiveCfg = Release|Any CPU
		{E3575DB8-8843-4F78-8489-7C2F0FE4F5A6}.Release|Any CPU.Build.0 = Release|Any CPU
		{1A75BC85-BF77-4C2D-8DAB-4259587D6CF3}.Debug|Any CPU.ActiveCfg = Debug|Any CPU
		{1A75BC85-BF77-4C2D-8DAB-4259587D6CF3}.Debug|Any CPU.Build.0 = Debug|Any CPU
		{1A75BC85-BF77-4C2D-8DAB-4259587D6CF3}.Release|Any CPU.ActiveCfg = Release|Any CPU
		{1A75BC85-BF77-4C2D-8DAB-4259587D6CF3}.Release|Any CPU.Build.0 = Release|Any CPU
		{0AC44841-FFF3-45B5-A698-97E0E44737A0}.Debug|Any CPU.ActiveCfg = Debug|Any CPU
		{0AC44841-FFF3-45B5-A698-97E0E44737A0}.Debug|Any CPU.Build.0 = Debug|Any CPU
		{0AC44841-FFF3-45B5-A698-97E0E44737A0}.Release|Any CPU.ActiveCfg = Release|Any CPU
		{0AC44841-FFF3-45B5-A698-97E0E44737A0}.Release|Any CPU.Build.0 = Release|Any CPU
		{CF964BB4-6AB3-486B-B8BE-90FCAC2DBEBB}.Debug|Any CPU.ActiveCfg = Debug|Any CPU
		{CF964BB4-6AB3-486B-B8BE-90FCAC2DBEBB}.Debug|Any CPU.Build.0 = Debug|Any CPU
		{CF964BB4-6AB3-486B-B8BE-90FCAC2DBEBB}.Release|Any CPU.ActiveCfg = Release|Any CPU
		{CF964BB4-6AB3-486B-B8BE-90FCAC2DBEBB}.Release|Any CPU.Build.0 = Release|Any CPU
		{4AFAB116-2937-409F-8117-417C426F398D}.Debug|Any CPU.ActiveCfg = Debug|Any CPU
		{4AFAB116-2937-409F-8117-417C426F398D}.Debug|Any CPU.Build.0 = Debug|Any CPU
		{4AFAB116-2937-409F-8117-417C426F398D}.Release|Any CPU.ActiveCfg = Release|Any CPU
		{4AFAB116-2937-409F-8117-417C426F398D}.Release|Any CPU.Build.0 = Release|Any CPU
		{31C81D76-BFA0-43E3-A918-6B54E793E1FC}.Debug|Any CPU.ActiveCfg = Debug|Any CPU
		{31C81D76-BFA0-43E3-A918-6B54E793E1FC}.Debug|Any CPU.Build.0 = Debug|Any CPU
		{31C81D76-BFA0-43E3-A918-6B54E793E1FC}.Release|Any CPU.ActiveCfg = Release|Any CPU
		{31C81D76-BFA0-43E3-A918-6B54E793E1FC}.Release|Any CPU.Build.0 = Release|Any CPU
		{33C21F2A-7478-49C5-A357-0FE02CBBE387}.Debug|Any CPU.ActiveCfg = Debug|Any CPU
		{33C21F2A-7478-49C5-A357-0FE02CBBE387}.Debug|Any CPU.Build.0 = Debug|Any CPU
		{33C21F2A-7478-49C5-A357-0FE02CBBE387}.Release|Any CPU.ActiveCfg = Release|Any CPU
		{33C21F2A-7478-49C5-A357-0FE02CBBE387}.Release|Any CPU.Build.0 = Release|Any CPU
		{B7ECA8A9-D5E8-407C-8197-A83629D0A077}.Debug|Any CPU.ActiveCfg = Debug|Any CPU
		{B7ECA8A9-D5E8-407C-8197-A83629D0A077}.Debug|Any CPU.Build.0 = Debug|Any CPU
		{B7ECA8A9-D5E8-407C-8197-A83629D0A077}.Release|Any CPU.ActiveCfg = Release|Any CPU
		{B7ECA8A9-D5E8-407C-8197-A83629D0A077}.Release|Any CPU.Build.0 = Release|Any CPU
	EndGlobalSection
	GlobalSection(SolutionProperties) = preSolution
		HideSolutionNode = FALSE
	EndGlobalSection
	GlobalSection(ExtensibilityGlobals) = postSolution
		SolutionGuid = {1C567CB6-19C9-41B9-ADE8-FFDB5AA4481C}
	EndGlobalSection
EndGlobal
